
Microsoft Visual Studio Solution File, Format Version 12.00
# Visual Studio 15
VisualStudioVersion = 15.0.28307.645
MinimumVisualStudioVersion = 10.0.40219.1
Project("{2150E333-8FDC-42A3-9474-1A3956D46DE8}") = "Solution Items", "Solution Items", "{BFC95D06-EE50-4193-93B1-20F95C40E0C8}"
	ProjectSection(SolutionItems) = preProject
		Performance2.psess = Performance2.psess
	EndProjectSection
EndProject
Project("{8BC9CEB8-8B4A-11D0-8D11-00A0C91BC942}") = "parser", "src\parser.vcxproj", "{B8639F00-E755-45B0-8E0F-B6449597E0E2}"
EndProject
Project("{8BC9CEB8-8B4A-11D0-8D11-00A0C91BC942}") = "test", "test\test.vcxproj", "{50B7F634-1CB9-4E0E-A9D5-805F2583680B}"
EndProject
Global
	GlobalSection(Performance) = preSolution
		HasPerformanceSessions = true
	EndGlobalSection
	GlobalSection(SolutionConfigurationPlatforms) = preSolution
		Debug|x64 = Debug|x64
		Debug|x86 = Debug|x86
		Release|x64 = Release|x64
		Release|x86 = Release|x86
		StaticRelease|x64 = StaticRelease|x64
		StaticRelease|x86 = StaticRelease|x86
	EndGlobalSection
	GlobalSection(ProjectConfigurationPlatforms) = postSolution
		{B8639F00-E755-45B0-8E0F-B6449597E0E2}.Debug|x64.ActiveCfg = Debug|x64
		{B8639F00-E755-45B0-8E0F-B6449597E0E2}.Debug|x64.Build.0 = Debug|x64
		{B8639F00-E755-45B0-8E0F-B6449597E0E2}.Debug|x86.ActiveCfg = Debug|Win32
		{B8639F00-E755-45B0-8E0F-B6449597E0E2}.Debug|x86.Build.0 = Debug|Win32
		{B8639F00-E755-45B0-8E0F-B6449597E0E2}.Release|x64.ActiveCfg = Release|x64
		{B8639F00-E755-45B0-8E0F-B6449597E0E2}.Release|x64.Build.0 = Release|x64
		{B8639F00-E755-45B0-8E0F-B6449597E0E2}.Release|x86.ActiveCfg = Release|Win32
		{B8639F00-E755-45B0-8E0F-B6449597E0E2}.Release|x86.Build.0 = Release|Win32
		{B8639F00-E755-45B0-8E0F-B6449597E0E2}.StaticRelease|x64.ActiveCfg = StaticRelease|x64
		{B8639F00-E755-45B0-8E0F-B6449597E0E2}.StaticRelease|x64.Build.0 = StaticRelease|x64
		{B8639F00-E755-45B0-8E0F-B6449597E0E2}.StaticRelease|x86.ActiveCfg = StaticRelease|Win32
		{B8639F00-E755-45B0-8E0F-B6449597E0E2}.StaticRelease|x86.Build.0 = StaticRelease|Win32
		{50B7F634-1CB9-4E0E-A9D5-805F2583680B}.Debug|x64.ActiveCfg = Debug|x64
		{50B7F634-1CB9-4E0E-A9D5-805F2583680B}.Debug|x64.Build.0 = Debug|x64
		{50B7F634-1CB9-4E0E-A9D5-805F2583680B}.Debug|x86.ActiveCfg = Debug|Win32
		{50B7F634-1CB9-4E0E-A9D5-805F2583680B}.Debug|x86.Build.0 = Debug|Win32
		{50B7F634-1CB9-4E0E-A9D5-805F2583680B}.Release|x64.ActiveCfg = Release|x64
		{50B7F634-1CB9-4E0E-A9D5-805F2583680B}.Release|x64.Build.0 = Release|x64
		{50B7F634-1CB9-4E0E-A9D5-805F2583680B}.Release|x86.ActiveCfg = Release|Win32
		{50B7F634-1CB9-4E0E-A9D5-805F2583680B}.Release|x86.Build.0 = Release|Win32
		{50B7F634-1CB9-4E0E-A9D5-805F2583680B}.StaticRelease|x64.ActiveCfg = Release|x64
		{50B7F634-1CB9-4E0E-A9D5-805F2583680B}.StaticRelease|x64.Build.0 = Release|x64
		{50B7F634-1CB9-4E0E-A9D5-805F2583680B}.StaticRelease|x86.ActiveCfg = Release|Win32
		{50B7F634-1CB9-4E0E-A9D5-805F2583680B}.StaticRelease|x86.Build.0 = Release|Win32
	EndGlobalSection
	GlobalSection(SolutionProperties) = preSolution
		HideSolutionNode = FALSE
	EndGlobalSection
	GlobalSection(ExtensibilityGlobals) = postSolution
		SolutionGuid = {0302611E-3B9A-4BA5-BC4C-F9CE5209551B}
	EndGlobalSection
	GlobalSection(Performance) = preSolution
		HasPerformanceSessions = true
	EndGlobalSection
	GlobalSection(Performance) = preSolution
		HasPerformanceSessions = true
	EndGlobalSection
EndGlobal
