<?xml version="1.0" encoding="utf-8"?>
<Project ToolsVersion="16.0" xmlns="http://schemas.microsoft.com/developer/msbuild/2003">
  <ItemGroup>
    <ClCompile Include="D:\Проги\Проект\Задача 1.1\mpailab\CFG-parser\data_structures\position_map\main.cpp">
      <Filter>Source Files</Filter>
    </ClCompile>
  </ItemGroup>
  <ItemGroup>
    <CustomBuild Include="D:\Проги\Проект\Задача 1.1\mpailab\CFG-parser\data_structures\position_map\CMakeLists.txt" />
  </ItemGroup>
  <ItemGroup>
    <Filter Include="Source Files">
      <UniqueIdentifier>{FBB272C0-BD1E-379D-B453-162F0F59334D}</UniqueIdentifier>
    </Filter>
  </ItemGroup>
</Project>
