
Microsoft Visual Studio Solution File, Format Version 12.00
# Visual Studio Version 16
Project("{8BC9CEB8-8B4A-11D0-8D11-00A0C91BC942}") = "ALL_BUILD", "ALL_BUILD.vcxproj", "{CCBDF2C0-58D7-3399-BAD5-F6D67779DD5B}"
	ProjectSection(ProjectDependencies) = postProject
		{25F967D7-7EC1-3E9A-A78F-D9C829B986E9} = {25F967D7-7EC1-3E9A-A78F-D9C829B986E9}
		{CA618914-B92E-32A0-A00F-FECA9B27564B} = {CA618914-B92E-32A0-A00F-FECA9B27564B}
	EndProjectSection
EndProject
Project("{8BC9CEB8-8B4A-11D0-8D11-00A0C91BC942}") = "ZERO_CHECK", "ZERO_CHECK.vcxproj", "{25F967D7-7EC1-3E9A-A78F-D9C829B986E9}"
	ProjectSection(ProjectDependencies) = postProject
	EndProjectSection
EndProject
Project("{8BC9CEB8-8B4A-11D0-8D11-00A0C91BC942}") = "posmap_test", "posmap_test.vcxproj", "{CA618914-B92E-32A0-A00F-FECA9B27564B}"
	ProjectSection(ProjectDependencies) = postProject
		{25F967D7-7EC1-3E9A-A78F-D9C829B986E9} = {25F967D7-7EC1-3E9A-A78F-D9C829B986E9}
	EndProjectSection
EndProject
Global
	GlobalSection(SolutionConfigurationPlatforms) = preSolution
		Debug|x64 = Debug|x64
		Release|x64 = Release|x64
		MinSizeRel|x64 = MinSizeRel|x64
		RelWithDebInfo|x64 = RelWithDebInfo|x64
	EndGlobalSection
	GlobalSection(ProjectConfigurationPlatforms) = postSolution
		{CCBDF2C0-58D7-3399-BAD5-F6D67779DD5B}.Debug|x64.ActiveCfg = Debug|x64
		{CCBDF2C0-58D7-3399-BAD5-F6D67779DD5B}.Release|x64.ActiveCfg = Release|x64
		{CCBDF2C0-58D7-3399-BAD5-F6D67779DD5B}.MinSizeRel|x64.ActiveCfg = MinSizeRel|x64
		{CCBDF2C0-58D7-3399-BAD5-F6D67779DD5B}.RelWithDebInfo|x64.ActiveCfg = RelWithDebInfo|x64
		{25F967D7-7EC1-3E9A-A78F-D9C829B986E9}.Debug|x64.ActiveCfg = Debug|x64
		{25F967D7-7EC1-3E9A-A78F-D9C829B986E9}.Debug|x64.Build.0 = Debug|x64
		{25F967D7-7EC1-3E9A-A78F-D9C829B986E9}.Release|x64.ActiveCfg = Release|x64
		{25F967D7-7EC1-3E9A-A78F-D9C829B986E9}.Release|x64.Build.0 = Release|x64
		{25F967D7-7EC1-3E9A-A78F-D9C829B986E9}.MinSizeRel|x64.ActiveCfg = MinSizeRel|x64
		{25F967D7-7EC1-3E9A-A78F-D9C829B986E9}.MinSizeRel|x64.Build.0 = MinSizeRel|x64
		{25F967D7-7EC1-3E9A-A78F-D9C829B986E9}.RelWithDebInfo|x64.ActiveCfg = RelWithDebInfo|x64
		{25F967D7-7EC1-3E9A-A78F-D9C829B986E9}.RelWithDebInfo|x64.Build.0 = RelWithDebInfo|x64
		{CA618914-B92E-32A0-A00F-FECA9B27564B}.Debug|x64.ActiveCfg = Debug|x64
		{CA618914-B92E-32A0-A00F-FECA9B27564B}.Debug|x64.Build.0 = Debug|x64
		{CA618914-B92E-32A0-A00F-FECA9B27564B}.Release|x64.ActiveCfg = Release|x64
		{CA618914-B92E-32A0-A00F-FECA9B27564B}.Release|x64.Build.0 = Release|x64
		{CA618914-B92E-32A0-A00F-FECA9B27564B}.MinSizeRel|x64.ActiveCfg = MinSizeRel|x64
		{CA618914-B92E-32A0-A00F-FECA9B27564B}.MinSizeRel|x64.Build.0 = MinSizeRel|x64
		{CA618914-B92E-32A0-A00F-FECA9B27564B}.RelWithDebInfo|x64.ActiveCfg = RelWithDebInfo|x64
		{CA618914-B92E-32A0-A00F-FECA9B27564B}.RelWithDebInfo|x64.Build.0 = RelWithDebInfo|x64
	EndGlobalSection
	GlobalSection(ExtensibilityGlobals) = postSolution
		SolutionGuid = {33FFDF32-4AAC-3971-AC71-D11B250E88C4}
	EndGlobalSection
	GlobalSection(ExtensibilityAddIns) = postSolution
	EndGlobalSection
EndGlobal
